
Microsoft Visual Studio Solution File, Format Version 12.00
# Visual Studio 15
VisualStudioVersion = 15.0.28307.705
MinimumVisualStudioVersion = 10.0.40219.1
Project("{FAE04EC0-301F-11D3-BF4B-00C04F79EFBC}") = "Laba_WPF_4", "Laba_WPF_4\Laba_WPF_4.csproj", "{DABCA2C3-8836-4A5A-AE1C-A565E46332BD}"
EndProject
Project("{FAE04EC0-301F-11D3-BF4B-00C04F79EFBC}") = "UnitTestMathODE", "UnitTestMathODE\UnitTestMathODE.csproj", "{7D8DA478-54DD-435F-A830-F787328AFE96}"
	ProjectSection(ProjectDependencies) = postProject
		{DABCA2C3-8836-4A5A-AE1C-A565E46332BD} = {DABCA2C3-8836-4A5A-AE1C-A565E46332BD}
	EndProjectSection
EndProject
Global
	GlobalSection(SolutionConfigurationPlatforms) = preSolution
		Debug|Any CPU = Debug|Any CPU
		Release|Any CPU = Release|Any CPU
	EndGlobalSection
	GlobalSection(ProjectConfigurationPlatforms) = postSolution
		{DABCA2C3-8836-4A5A-AE1C-A565E46332BD}.Debug|Any CPU.ActiveCfg = Debug|Any CPU
		{DABCA2C3-8836-4A5A-AE1C-A565E46332BD}.Debug|Any CPU.Build.0 = Debug|Any CPU
		{DABCA2C3-8836-4A5A-AE1C-A565E46332BD}.Release|Any CPU.ActiveCfg = Release|Any CPU
		{DABCA2C3-8836-4A5A-AE1C-A565E46332BD}.Release|Any CPU.Build.0 = Release|Any CPU
		{7D8DA478-54DD-435F-A830-F787328AFE96}.Debug|Any CPU.ActiveCfg = Debug|Any CPU
		{7D8DA478-54DD-435F-A830-F787328AFE96}.Debug|Any CPU.Build.0 = Debug|Any CPU
		{7D8DA478-54DD-435F-A830-F787328AFE96}.Release|Any CPU.ActiveCfg = Release|Any CPU
		{7D8DA478-54DD-435F-A830-F787328AFE96}.Release|Any CPU.Build.0 = Release|Any CPU
	EndGlobalSection
	GlobalSection(SolutionProperties) = preSolution
		HideSolutionNode = FALSE
	EndGlobalSection
	GlobalSection(ExtensibilityGlobals) = postSolution
		SolutionGuid = {1132EC34-555C-4109-A521-A2739AACB797}
	EndGlobalSection
EndGlobal
